PODS:
  - Flutter (1.0.0)
  - on_audio_query_ios (0.0.1):
    - Flutter
    - SwiftyBeaver
  - SwiftyBeaver (1.9.5)

DEPENDENCIES:
  - Flutter (from `Flutter`)
  - on_audio_query_ios (from `.symlinks/plugins/on_audio_query_ios/ios`)

SPEC REPOS:
  trunk:
    - SwiftyBeaver

EXTERNAL SOURCES:
  Flutter:
    :path: Flutter
  on_audio_query_ios:
    :path: ".symlinks/plugins/on_audio_query_ios/ios"

SPEC CHECKSUMS:
  Flutter: cabc95a1d2626b1b06e7179b784ebcf0c0cde467
  on_audio_query_ios: e5afb0d4b42cfa3e8762d8ec1953540cb4f02100
  SwiftyBeaver: 84069991dd5dca07d7069100985badaca7f0ce82

PODFILE CHECKSUM: 3c63482e143d1b91d2d2560aee9fb04ecc74ac7e

COCOAPODS: 1.16.2
